
Microsoft Visual Studio Solution File, Format Version 12.00
# Visual Studio 15
VisualStudioVersion = 15.0.28010.2046
MinimumVisualStudioVersion = 10.0.40219.1
Project("{FAE04EC0-301F-11D3-BF4B-00C04F79EFBC}") = "viridian", "viridian\viridian.csproj", "{FC8583CC-A633-4E70-8B40-D1D93CFBFE5C}"
EndProject
Global
	GlobalSection(SolutionConfigurationPlatforms) = preSolution
		Debug|Any CPU = Debug|Any CPU
		Release|Any CPU = Release|Any CPU
	EndGlobalSection
	GlobalSection(ProjectConfigurationPlatforms) = postSolution
		{FC8583CC-A633-4E70-8B40-D1D93CFBFE5C}.Debug|Any CPU.ActiveCfg = Debug|Any CPU
		{FC8583CC-A633-4E70-8B40-D1D93CFBFE5C}.Debug|Any CPU.Build.0 = Debug|Any CPU
		{FC8583CC-A633-4E70-8B40-D1D93CFBFE5C}.Release|Any CPU.ActiveCfg = Release|Any CPU
		{FC8583CC-A633-4E70-8B40-D1D93CFBFE5C}.Release|Any CPU.Build.0 = Release|Any CPU
	EndGlobalSection
	GlobalSection(SolutionProperties) = preSolution
		HideSolutionNode = FALSE
	EndGlobalSection
	GlobalSection(ExtensibilityGlobals) = postSolution
		SolutionGuid = {78289C7F-8F06-4032-8E0E-960C26FF301E}
	EndGlobalSection
EndGlobal
